
Microsoft Visual Studio Solution File, Format Version 12.00
# Visual Studio Version 17
VisualStudioVersion = 17.0.31903.59
MinimumVisualStudioVersion = 10.0.40219.1
Project("{FAE04EC0-301F-11D3-BF4B-00C04F79EFBC}") = "PureMasker", "PureMasker\PureMasker.csproj", "{404B4CC5-351F-438B-903F-E7FA1F3A6DBD}"
EndProject
Project("{FAE04EC0-301F-11D3-BF4B-00C04F79EFBC}") = "PureMasker.Tests", "PureMasker.Tests\PureMasker.Tests.csproj", "{870E4154-DEB2-42ED-9C39-D362E85CF90E}"
EndProject
Project("{FAE04EC0-301F-11D3-BF4B-00C04F79EFBC}") = "PureMasker.Examples", "PureMasker.Examples\PureMasker.Examples.csproj", "{4D6D9E10-136B-4DAC-ABBD-24F85C677805}"
EndProject
Global
	GlobalSection(SolutionConfigurationPlatforms) = preSolution
		Debug|Any CPU = Debug|Any CPU
		Debug|x64 = Debug|x64
		Debug|x86 = Debug|x86
		Release|Any CPU = Release|Any CPU
		Release|x64 = Release|x64
		Release|x86 = Release|x86
	EndGlobalSection
	GlobalSection(ProjectConfigurationPlatforms) = postSolution
		{404B4CC5-351F-438B-903F-E7FA1F3A6DBD}.Debug|Any CPU.ActiveCfg = Debug|Any CPU
		{404B4CC5-351F-438B-903F-E7FA1F3A6DBD}.Debug|Any CPU.Build.0 = Debug|Any CPU
		{404B4CC5-351F-438B-903F-E7FA1F3A6DBD}.Debug|x64.ActiveCfg = Debug|Any CPU
		{404B4CC5-351F-438B-903F-E7FA1F3A6DBD}.Debug|x64.Build.0 = Debug|Any CPU
		{404B4CC5-351F-438B-903F-E7FA1F3A6DBD}.Debug|x86.ActiveCfg = Debug|Any CPU
		{404B4CC5-351F-438B-903F-E7FA1F3A6DBD}.Debug|x86.Build.0 = Debug|Any CPU
		{404B4CC5-351F-438B-903F-E7FA1F3A6DBD}.Release|Any CPU.ActiveCfg = Release|Any CPU
		{404B4CC5-351F-438B-903F-E7FA1F3A6DBD}.Release|Any CPU.Build.0 = Release|Any CPU
		{404B4CC5-351F-438B-903F-E7FA1F3A6DBD}.Release|x64.ActiveCfg = Release|Any CPU
		{404B4CC5-351F-438B-903F-E7FA1F3A6DBD}.Release|x64.Build.0 = Release|Any CPU
		{404B4CC5-351F-438B-903F-E7FA1F3A6DBD}.Release|x86.ActiveCfg = Release|Any CPU
		{404B4CC5-351F-438B-903F-E7FA1F3A6DBD}.Release|x86.Build.0 = Release|Any CPU
		{870E4154-DEB2-42ED-9C39-D362E85CF90E}.Debug|Any CPU.ActiveCfg = Debug|Any CPU
		{870E4154-DEB2-42ED-9C39-D362E85CF90E}.Debug|Any CPU.Build.0 = Debug|Any CPU
		{870E4154-DEB2-42ED-9C39-D362E85CF90E}.Debug|x64.ActiveCfg = Debug|Any CPU
		{870E4154-DEB2-42ED-9C39-D362E85CF90E}.Debug|x64.Build.0 = Debug|Any CPU
		{870E4154-DEB2-42ED-9C39-D362E85CF90E}.Debug|x86.ActiveCfg = Debug|Any CPU
		{870E4154-DEB2-42ED-9C39-D362E85CF90E}.Debug|x86.Build.0 = Debug|Any CPU
		{870E4154-DEB2-42ED-9C39-D362E85CF90E}.Release|Any CPU.ActiveCfg = Release|Any CPU
		{870E4154-DEB2-42ED-9C39-D362E85CF90E}.Release|Any CPU.Build.0 = Release|Any CPU
		{870E4154-DEB2-42ED-9C39-D362E85CF90E}.Release|x64.ActiveCfg = Release|Any CPU
		{870E4154-DEB2-42ED-9C39-D362E85CF90E}.Release|x64.Build.0 = Release|Any CPU
		{870E4154-DEB2-42ED-9C39-D362E85CF90E}.Release|x86.ActiveCfg = Release|Any CPU
		{870E4154-DEB2-42ED-9C39-D362E85CF90E}.Release|x86.Build.0 = Release|Any CPU
		{4D6D9E10-136B-4DAC-ABBD-24F85C677805}.Debug|Any CPU.ActiveCfg = Debug|Any CPU
		{4D6D9E10-136B-4DAC-ABBD-24F85C677805}.Debug|Any CPU.Build.0 = Debug|Any CPU
		{4D6D9E10-136B-4DAC-ABBD-24F85C677805}.Debug|x64.ActiveCfg = Debug|Any CPU
		{4D6D9E10-136B-4DAC-ABBD-24F85C677805}.Debug|x64.Build.0 = Debug|Any CPU
		{4D6D9E10-136B-4DAC-ABBD-24F85C677805}.Debug|x86.ActiveCfg = Debug|Any CPU
		{4D6D9E10-136B-4DAC-ABBD-24F85C677805}.Debug|x86.Build.0 = Debug|Any CPU
		{4D6D9E10-136B-4DAC-ABBD-24F85C677805}.Release|Any CPU.ActiveCfg = Release|Any CPU
		{4D6D9E10-136B-4DAC-ABBD-24F85C677805}.Release|Any CPU.Build.0 = Release|Any CPU
		{4D6D9E10-136B-4DAC-ABBD-24F85C677805}.Release|x64.ActiveCfg = Release|Any CPU
		{4D6D9E10-136B-4DAC-ABBD-24F85C677805}.Release|x64.Build.0 = Release|Any CPU
		{4D6D9E10-136B-4DAC-ABBD-24F85C677805}.Release|x86.ActiveCfg = Release|Any CPU
		{4D6D9E10-136B-4DAC-ABBD-24F85C677805}.Release|x86.Build.0 = Release|Any CPU
	EndGlobalSection
	GlobalSection(SolutionProperties) = preSolution
		HideSolutionNode = FALSE
	EndGlobalSection
EndGlobal
